
Microsoft Visual Studio Solution File, Format Version 12.00
# Visual Studio Version 17
VisualStudioVersion = 17.11.35431.28
MinimumVisualStudioVersion = 10.0.40219.1
Project("{9A19103F-16F7-4668-BE54-9A1E7A4F7556}") = "BitcoinPriceManager.API", "BitcoinPriceManager.API\BitcoinPriceManager.API.csproj", "{C4A6E407-B183-498E-A494-23B75283A91D}"
EndProject
Project("{9A19103F-16F7-4668-BE54-9A1E7A4F7556}") = "BitcoinPriceManager.Application", "BitcoinPriceManager.Application\BitcoinPriceManager.Application.csproj", "{AE3454FA-5619-4A6F-9C95-5452EDB0E924}"
EndProject
Project("{9A19103F-16F7-4668-BE54-9A1E7A4F7556}") = "BitcoinPriceManager.Domain", "BitcoinPriceManager.Domain\BitcoinPriceManager.Domain.csproj", "{0DB14EC0-EF12-47F8-A8F3-C5102BE6A8F7}"
EndProject
Project("{9A19103F-16F7-4668-BE54-9A1E7A4F7556}") = "BitcoinPriceManager.Infrastructure", "BitcoinPriceManager.Infrastructure\BitcoinPriceManager.Infrastructure.csproj", "{425A4D32-15B1-4C60-A1BB-F89E006B9129}"
EndProject
Project("{9A19103F-16F7-4668-BE54-9A1E7A4F7556}") = "BitcoinPriceManager.Tests", "BitcoinPriceManager.Tests\BitcoinPriceManager.Tests.csproj", "{481D01BF-7390-445B-AEE9-40D492BD70EC}"
EndProject
Project("{FAE04EC0-301F-11D3-BF4B-00C04F79EFBC}") = "BitcoinPriceManager.SharedKernel", "BitcoinPriceManager.SharedKernel\BitcoinPriceManager.SharedKernel.csproj", "{E0785306-26D4-47FE-ADBB-8DE87A194F63}"
EndProject
Global
	GlobalSection(SolutionConfigurationPlatforms) = preSolution
		Debug|Any CPU = Debug|Any CPU
		Release|Any CPU = Release|Any CPU
	EndGlobalSection
	GlobalSection(ProjectConfigurationPlatforms) = postSolution
		{C4A6E407-B183-498E-A494-23B75283A91D}.Debug|Any CPU.ActiveCfg = Debug|Any CPU
		{C4A6E407-B183-498E-A494-23B75283A91D}.Debug|Any CPU.Build.0 = Debug|Any CPU
		{C4A6E407-B183-498E-A494-23B75283A91D}.Release|Any CPU.ActiveCfg = Release|Any CPU
		{C4A6E407-B183-498E-A494-23B75283A91D}.Release|Any CPU.Build.0 = Release|Any CPU
		{AE3454FA-5619-4A6F-9C95-5452EDB0E924}.Debug|Any CPU.ActiveCfg = Debug|Any CPU
		{AE3454FA-5619-4A6F-9C95-5452EDB0E924}.Debug|Any CPU.Build.0 = Debug|Any CPU
		{AE3454FA-5619-4A6F-9C95-5452EDB0E924}.Release|Any CPU.ActiveCfg = Release|Any CPU
		{AE3454FA-5619-4A6F-9C95-5452EDB0E924}.Release|Any CPU.Build.0 = Release|Any CPU
		{0DB14EC0-EF12-47F8-A8F3-C5102BE6A8F7}.Debug|Any CPU.ActiveCfg = Debug|Any CPU
		{0DB14EC0-EF12-47F8-A8F3-C5102BE6A8F7}.Debug|Any CPU.Build.0 = Debug|Any CPU
		{0DB14EC0-EF12-47F8-A8F3-C5102BE6A8F7}.Release|Any CPU.ActiveCfg = Release|Any CPU
		{0DB14EC0-EF12-47F8-A8F3-C5102BE6A8F7}.Release|Any CPU.Build.0 = Release|Any CPU
		{425A4D32-15B1-4C60-A1BB-F89E006B9129}.Debug|Any CPU.ActiveCfg = Debug|Any CPU
		{425A4D32-15B1-4C60-A1BB-F89E006B9129}.Debug|Any CPU.Build.0 = Debug|Any CPU
		{425A4D32-15B1-4C60-A1BB-F89E006B9129}.Release|Any CPU.ActiveCfg = Release|Any CPU
		{425A4D32-15B1-4C60-A1BB-F89E006B9129}.Release|Any CPU.Build.0 = Release|Any CPU
		{481D01BF-7390-445B-AEE9-40D492BD70EC}.Debug|Any CPU.ActiveCfg = Debug|Any CPU
		{481D01BF-7390-445B-AEE9-40D492BD70EC}.Debug|Any CPU.Build.0 = Debug|Any CPU
		{481D01BF-7390-445B-AEE9-40D492BD70EC}.Release|Any CPU.ActiveCfg = Release|Any CPU
		{481D01BF-7390-445B-AEE9-40D492BD70EC}.Release|Any CPU.Build.0 = Release|Any CPU
		{E0785306-26D4-47FE-ADBB-8DE87A194F63}.Debug|Any CPU.ActiveCfg = Debug|Any CPU
		{E0785306-26D4-47FE-ADBB-8DE87A194F63}.Debug|Any CPU.Build.0 = Debug|Any CPU
		{E0785306-26D4-47FE-ADBB-8DE87A194F63}.Release|Any CPU.ActiveCfg = Release|Any CPU
		{E0785306-26D4-47FE-ADBB-8DE87A194F63}.Release|Any CPU.Build.0 = Release|Any CPU
	EndGlobalSection
	GlobalSection(SolutionProperties) = preSolution
		HideSolutionNode = FALSE
	EndGlobalSection
	GlobalSection(ExtensibilityGlobals) = postSolution
		SolutionGuid = {0C968A43-A73D-43F4-AC39-683E403415CD}
	EndGlobalSection
EndGlobal
